
Microsoft Visual Studio Solution File, Format Version 12.00
# Visual Studio Version 17
VisualStudioVersion = 17.8.34309.116
MinimumVisualStudioVersion = 10.0.40219.1
Project("{FAE04EC0-301F-11D3-BF4B-00C04F79EFBC}") = "TestAPI", "TestAPI\TestAPI.csproj", "{52A1F90E-5219-4D35-8847-CB72048E5076}"
EndProject
Global
	GlobalSection(SolutionConfigurationPlatforms) = preSolution
		Debug|Any CPU = Debug|Any CPU
		Release|Any CPU = Release|Any CPU
	EndGlobalSection
	GlobalSection(ProjectConfigurationPlatforms) = postSolution
		{52A1F90E-5219-4D35-8847-CB72048E5076}.Debug|Any CPU.ActiveCfg = Debug|Any CPU
		{52A1F90E-5219-4D35-8847-CB72048E5076}.Debug|Any CPU.Build.0 = Debug|Any CPU
		{52A1F90E-5219-4D35-8847-CB72048E5076}.Release|Any CPU.ActiveCfg = Release|Any CPU
		{52A1F90E-5219-4D35-8847-CB72048E5076}.Release|Any CPU.Build.0 = Release|Any CPU
	EndGlobalSection
	GlobalSection(SolutionProperties) = preSolution
		HideSolutionNode = FALSE
	EndGlobalSection
	GlobalSection(ExtensibilityGlobals) = postSolution
		SolutionGuid = {DE09BD41-CB10-45AF-8F84-B2B0C86F60F4}
	EndGlobalSection
EndGlobal
